
Microsoft Visual Studio Solution File, Format Version 12.00
# Visual Studio Version 17
VisualStudioVersion = 17.3.32929.385
MinimumVisualStudioVersion = 10.0.40219.1
Project("{FAE04EC0-301F-11D3-BF4B-00C04F79EFBC}") = "MVCProject_5", "MVCProject_5\MVCProject_5.csproj", "{F3B6626F-5CA8-4BAA-9817-C0BD94E34362}"
EndProject
Project("{FAE04EC0-301F-11D3-BF4B-00C04F79EFBC}") = "MVCProject_6", "MVCProject_6\MVCProject_6.csproj", "{6FAE21BD-21A0-480C-B179-20900BA7132A}"
EndProject
Global
	GlobalSection(SolutionConfigurationPlatforms) = preSolution
		Debug|Any CPU = Debug|Any CPU
		Release|Any CPU = Release|Any CPU
	EndGlobalSection
	GlobalSection(ProjectConfigurationPlatforms) = postSolution
		{F3B6626F-5CA8-4BAA-9817-C0BD94E34362}.Debug|Any CPU.ActiveCfg = Debug|Any CPU
		{F3B6626F-5CA8-4BAA-9817-C0BD94E34362}.Debug|Any CPU.Build.0 = Debug|Any CPU
		{F3B6626F-5CA8-4BAA-9817-C0BD94E34362}.Release|Any CPU.ActiveCfg = Release|Any CPU
		{F3B6626F-5CA8-4BAA-9817-C0BD94E34362}.Release|Any CPU.Build.0 = Release|Any CPU
		{6FAE21BD-21A0-480C-B179-20900BA7132A}.Debug|Any CPU.ActiveCfg = Debug|Any CPU
		{6FAE21BD-21A0-480C-B179-20900BA7132A}.Debug|Any CPU.Build.0 = Debug|Any CPU
		{6FAE21BD-21A0-480C-B179-20900BA7132A}.Release|Any CPU.ActiveCfg = Release|Any CPU
		{6FAE21BD-21A0-480C-B179-20900BA7132A}.Release|Any CPU.Build.0 = Release|Any CPU
	EndGlobalSection
	GlobalSection(SolutionProperties) = preSolution
		HideSolutionNode = FALSE
	EndGlobalSection
	GlobalSection(ExtensibilityGlobals) = postSolution
		SolutionGuid = {C0533ADB-E3E7-44CB-AB70-591804348A26}
	EndGlobalSection
EndGlobal
